
Microsoft Visual Studio Solution File, Format Version 12.00
# Visual Studio Version 16
VisualStudioVersion = 16.0.30114.105
MinimumVisualStudioVersion = 10.0.40219.1
Project("{FAE04EC0-301F-11D3-BF4B-00C04F79EFBC}") = "ListaEncadeada", "..\THREADS\ListEncadeada\ListaEncadeada.csproj", "{7EA66925-7C7C-43A0-83BA-EFA335150DDC}"
EndProject
Global
	GlobalSection(SolutionConfigurationPlatforms) = preSolution
		Debug|Any CPU = Debug|Any CPU
		Release|Any CPU = Release|Any CPU
	EndGlobalSection
	GlobalSection(ProjectConfigurationPlatforms) = postSolution
		{7EA66925-7C7C-43A0-83BA-EFA335150DDC}.Debug|Any CPU.ActiveCfg = Debug|Any CPU
		{7EA66925-7C7C-43A0-83BA-EFA335150DDC}.Debug|Any CPU.Build.0 = Debug|Any CPU
		{7EA66925-7C7C-43A0-83BA-EFA335150DDC}.Release|Any CPU.ActiveCfg = Release|Any CPU
		{7EA66925-7C7C-43A0-83BA-EFA335150DDC}.Release|Any CPU.Build.0 = Release|Any CPU
	EndGlobalSection
	GlobalSection(SolutionProperties) = preSolution
		HideSolutionNode = FALSE
	EndGlobalSection
	GlobalSection(ExtensibilityGlobals) = postSolution
		SolutionGuid = {929D1906-15C7-423E-8779-AA13DCA50477}
	EndGlobalSection
EndGlobal
